
Microsoft Visual Studio Solution File, Format Version 12.00
# Visual Studio 15
VisualStudioVersion = 15.0.27428.2005
MinimumVisualStudioVersion = 10.0.40219.1
Project("{FAE04EC0-301F-11D3-BF4B-00C04F79EFBC}") = "calculator eindopdracht", "calculator eindopdracht\calculator eindopdracht.csproj", "{769493BA-EFC5-458F-B4E5-E36D2BDACA2A}"
EndProject
Global
	GlobalSection(SolutionConfigurationPlatforms) = preSolution
		Debug|Any CPU = Debug|Any CPU
		Release|Any CPU = Release|Any CPU
	EndGlobalSection
	GlobalSection(ProjectConfigurationPlatforms) = postSolution
		{769493BA-EFC5-458F-B4E5-E36D2BDACA2A}.Debug|Any CPU.ActiveCfg = Debug|Any CPU
		{769493BA-EFC5-458F-B4E5-E36D2BDACA2A}.Debug|Any CPU.Build.0 = Debug|Any CPU
		{769493BA-EFC5-458F-B4E5-E36D2BDACA2A}.Release|Any CPU.ActiveCfg = Release|Any CPU
		{769493BA-EFC5-458F-B4E5-E36D2BDACA2A}.Release|Any CPU.Build.0 = Release|Any CPU
	EndGlobalSection
	GlobalSection(SolutionProperties) = preSolution
		HideSolutionNode = FALSE
	EndGlobalSection
	GlobalSection(ExtensibilityGlobals) = postSolution
		SolutionGuid = {EC22BF3C-9672-42CE-A235-095580DC02C7}
	EndGlobalSection
EndGlobal
